// !$*UTF8*$!
{
	archiveVersion = 1;
	classes = {
	};
	objectVersion = 50;
	objects = {

/* Begin PBXBuildFile section */
		843FBACF22B4227E00A0D0EC /* AppDelegate.swift in Sources */ = {isa = PBXBuildFile; fileRef = 843FBACE22B4227E00A0D0EC /* AppDelegate.swift */; };
		843FBAD122B4227E00A0D0EC /* ViewController.swift in Sources */ = {isa = PBXBuildFile; fileRef = 843FBAD022B4227E00A0D0EC /* ViewController.swift */; };
		843FBAD422B4227E00A0D0EC /* Main.storyboard in Resources */ = {isa = PBXBuildFile; fileRef = 843FBAD222B4227E00A0D0EC /* Main.storyboard */; };
		843FBAD622B4227F00A0D0EC /* Assets.xcassets in Resources */ = {isa = PBXBuildFile; fileRef = 843FBAD522B4227F00A0D0EC /* Assets.xcassets */; };
		843FBAD922B4227F00A0D0EC /* LaunchScreen.storyboard in Resources */ = {isa = PBXBuildFile; fileRef = 843FBAD722B4227F00A0D0EC /* LaunchScreen.storyboard */; };
		843FBAE722B42A2F00A0D0EC /* APIClient.swift in Sources */ = {isa = PBXBuildFile; fileRef = 843FBAE622B42A2F00A0D0EC /* APIClient.swift */; };
		843FBAE922B42AFD00A0D0EC /* Constants.swift in Sources */ = {isa = PBXBuildFile; fileRef = 843FBAE822B42AFD00A0D0EC /* Constants.swift */; };
		843FBAEC22B445A800A0D0EC /* Results.swift in Sources */ = {isa = PBXBuildFile; fileRef = 843FBAEA22B445A800A0D0EC /* Results.swift */; };
		843FBAED22B445A800A0D0EC /* Movies.swift in Sources */ = {isa = PBXBuildFile; fileRef = 843FBAEB22B445A800A0D0EC /* Movies.swift */; };
		84D14DE322B4640700BAC715 /* MoviesViewController.swift in Sources */ = {isa = PBXBuildFile; fileRef = 84D14DE122B4640700BAC715 /* MoviesViewController.swift */; };
		84D14DE422B4640700BAC715 /* MoviesViewController.xib in Resources */ = {isa = PBXBuildFile; fileRef = 84D14DE222B4640700BAC715 /* MoviesViewController.xib */; };
		84D14DE622B4672800BAC715 /* MoviesInteractor.swift in Sources */ = {isa = PBXBuildFile; fileRef = 84D14DE522B4672800BAC715 /* MoviesInteractor.swift */; };
		84D14DE822B46E4B00BAC715 /* UIManager.swift in Sources */ = {isa = PBXBuildFile; fileRef = 84D14DE722B46E4B00BAC715 /* UIManager.swift */; };
		84D14DEB22B4FEBD00BAC715 /* MovieTableViewCell.swift in Sources */ = {isa = PBXBuildFile; fileRef = 84D14DE922B4FEBD00BAC715 /* MovieTableViewCell.swift */; };
		84D14DEC22B4FEBD00BAC715 /* MovieTableViewCell.xib in Resources */ = {isa = PBXBuildFile; fileRef = 84D14DEA22B4FEBD00BAC715 /* MovieTableViewCell.xib */; };
		84D14DEE22B5096700BAC715 /* Extentions.swift in Sources */ = {isa = PBXBuildFile; fileRef = 84D14DED22B5096700BAC715 /* Extentions.swift */; };
		84D14DF122B5263400BAC715 /* CreateNewMovieViewController.swift in Sources */ = {isa = PBXBuildFile; fileRef = 84D14DEF22B5263400BAC715 /* CreateNewMovieViewController.swift */; };
		84D14DF222B5263400BAC715 /* CreateNewMovieViewController.xib in Resources */ = {isa = PBXBuildFile; fileRef = 84D14DF022B5263400BAC715 /* CreateNewMovieViewController.xib */; };
		84D14DFA22B555E700BAC715 /* InstabugChallengeTests.swift in Sources */ = {isa = PBXBuildFile; fileRef = 84D14DF922B555E700BAC715 /* InstabugChallengeTests.swift */; };
/* End PBXBuildFile section */

/* Begin PBXContainerItemProxy section */
		84D14DFC22B555E700BAC715 /* PBXContainerItemProxy */ = {
			isa = PBXContainerItemProxy;
			containerPortal = 843FBAC322B4227E00A0D0EC /* Project object */;
			proxyType = 1;
			remoteGlobalIDString = 843FBACA22B4227E00A0D0EC;
			remoteInfo = InstabugChallenge;
		};
/* End PBXContainerItemProxy section */

/* Begin PBXFileReference section */
		843FBACB22B4227E00A0D0EC /* InstabugChallenge.app */ = {isa = PBXFileReference; explicitFileType = wrapper.application; includeInIndex = 0; path = InstabugChallenge.app; sourceTree = BUILT_PRODUCTS_DIR; };
		843FBACE22B4227E00A0D0EC /* AppDelegate.swift */ = {isa = PBXFileReference; lastKnownFileType = sourcecode.swift; path = AppDelegate.swift; sourceTree = "<group>"; };
		843FBAD022B4227E00A0D0EC /* ViewController.swift */ = {isa = PBXFileReference; lastKnownFileType = sourcecode.swift; path = ViewController.swift; sourceTree = "<group>"; };
		843FBAD322B4227E00A0D0EC /* Base */ = {isa = PBXFileReference; lastKnownFileType = file.storyboard; name = Base; path = Base.lproj/Main.storyboard; sourceTree = "<group>"; };
		843FBAD522B4227F00A0D0EC /* Assets.xcassets */ = {isa = PBXFileReference; lastKnownFileType = folder.assetcatalog; path = Assets.xcassets; sourceTree = "<group>"; };
		843FBAD822B4227F00A0D0EC /* Base */ = {isa = PBXFileReference; lastKnownFileType = file.storyboard; name = Base; path = Base.lproj/LaunchScreen.storyboard; sourceTree = "<group>"; };
		843FBADA22B4227F00A0D0EC /* Info.plist */ = {isa = PBXFileReference; lastKnownFileType = text.plist.xml; path = Info.plist; sourceTree = "<group>"; };
		843FBAE622B42A2F00A0D0EC /* APIClient.swift */ = {isa = PBXFileReference; lastKnownFileType = sourcecode.swift; path = APIClient.swift; sourceTree = "<group>"; };
		843FBAE822B42AFD00A0D0EC /* Constants.swift */ = {isa = PBXFileReference; lastKnownFileType = sourcecode.swift; path = Constants.swift; sourceTree = "<group>"; };
		843FBAEA22B445A800A0D0EC /* Results.swift */ = {isa = PBXFileReference; fileEncoding = 4; lastKnownFileType = sourcecode.swift; path = Results.swift; sourceTree = "<group>"; };
		843FBAEB22B445A800A0D0EC /* Movies.swift */ = {isa = PBXFileReference; fileEncoding = 4; lastKnownFileType = sourcecode.swift; path = Movies.swift; sourceTree = "<group>"; };
		84D14DE122B4640700BAC715 /* MoviesViewController.swift */ = {isa = PBXFileReference; lastKnownFileType = sourcecode.swift; path = MoviesViewController.swift; sourceTree = "<group>"; };
		84D14DE222B4640700BAC715 /* MoviesViewController.xib */ = {isa = PBXFileReference; lastKnownFileType = file.xib; path = MoviesViewController.xib; sourceTree = "<group>"; };
		84D14DE522B4672800BAC715 /* MoviesInteractor.swift */ = {isa = PBXFileReference; lastKnownFileType = sourcecode.swift; path = MoviesInteractor.swift; sourceTree = "<group>"; };
		84D14DE722B46E4B00BAC715 /* UIManager.swift */ = {isa = PBXFileReference; lastKnownFileType = sourcecode.swift; path = UIManager.swift; sourceTree = "<group>"; };
		84D14DE922B4FEBD00BAC715 /* MovieTableViewCell.swift */ = {isa = PBXFileReference; lastKnownFileType = sourcecode.swift; path = MovieTableViewCell.swift; sourceTree = "<group>"; };
		84D14DEA22B4FEBD00BAC715 /* MovieTableViewCell.xib */ = {isa = PBXFileReference; lastKnownFileType = file.xib; path = MovieTableViewCell.xib; sourceTree = "<group>"; };
		84D14DED22B5096700BAC715 /* Extentions.swift */ = {isa = PBXFileReference; lastKnownFileType = sourcecode.swift; path = Extentions.swift; sourceTree = "<group>"; };
		84D14DEF22B5263400BAC715 /* CreateNewMovieViewController.swift */ = {isa = PBXFileReference; lastKnownFileType = sourcecode.swift; path = CreateNewMovieViewController.swift; sourceTree = "<group>"; };
		84D14DF022B5263400BAC715 /* CreateNewMovieViewController.xib */ = {isa = PBXFileReference; lastKnownFileType = file.xib; path = CreateNewMovieViewController.xib; sourceTree = "<group>"; };
		84D14DF722B555E700BAC715 /* InstabugChallengeTests.xctest */ = {isa = PBXFileReference; explicitFileType = wrapper.cfbundle; includeInIndex = 0; path = InstabugChallengeTests.xctest; sourceTree = BUILT_PRODUCTS_DIR; };
		84D14DF922B555E700BAC715 /* InstabugChallengeTests.swift */ = {isa = PBXFileReference; lastKnownFileType = sourcecode.swift; path = InstabugChallengeTests.swift; sourceTree = "<group>"; };
		84D14DFB22B555E700BAC715 /* Info.plist */ = {isa = PBXFileReference; lastKnownFileType = text.plist.xml; path = Info.plist; sourceTree = "<group>"; };
/* End PBXFileReference section */

/* Begin PBXFrameworksBuildPhase section */
		843FBAC822B4227E00A0D0EC /* Frameworks */ = {
			isa = PBXFrameworksBuildPhase;
			buildActionMask = 2147483647;
			files = (
			);
			runOnlyForDeploymentPostprocessing = 0;
		};
		84D14DF422B555E700BAC715 /* Frameworks */ = {
			isa = PBXFrameworksBuildPhase;
			buildActionMask = 2147483647;
			files = (
			);
			runOnlyForDeploymentPostprocessing = 0;
		};
/* End PBXFrameworksBuildPhase section */

/* Begin PBXGroup section */
		843FBAC222B4227E00A0D0EC = {
			isa = PBXGroup;
			children = (
				843FBACD22B4227E00A0D0EC /* InstabugChallenge */,
				84D14DF822B555E700BAC715 /* InstabugChallengeTests */,
				843FBACC22B4227E00A0D0EC /* Products */,
			);
			sourceTree = "<group>";
		};
		843FBACC22B4227E00A0D0EC /* Products */ = {
			isa = PBXGroup;
			children = (
				843FBACB22B4227E00A0D0EC /* InstabugChallenge.app */,
				84D14DF722B555E700BAC715 /* InstabugChallengeTests.xctest */,
			);
			name = Products;
			sourceTree = "<group>";
		};
		843FBACD22B4227E00A0D0EC /* InstabugChallenge */ = {
			isa = PBXGroup;
			children = (
				843FBAE522B4289700A0D0EC /* Managers */,
				843FBAE022B4281300A0D0EC /* Router */,
				843FBAE322B4286700A0D0EC /* Entity */,
				843FBAE122B4281D00A0D0EC /* Interactor */,
				843FBAE422B4287800A0D0EC /* View */,
				843FBACE22B4227E00A0D0EC /* AppDelegate.swift */,
				843FBAE822B42AFD00A0D0EC /* Constants.swift */,
				843FBAD022B4227E00A0D0EC /* ViewController.swift */,
				843FBAD222B4227E00A0D0EC /* Main.storyboard */,
				843FBAD522B4227F00A0D0EC /* Assets.xcassets */,
				843FBAD722B4227F00A0D0EC /* LaunchScreen.storyboard */,
				843FBADA22B4227F00A0D0EC /* Info.plist */,
			);
			path = InstabugChallenge;
			sourceTree = "<group>";
		};
		843FBAE022B4281300A0D0EC /* Router */ = {
			isa = PBXGroup;
			children = (
			);
			path = Router;
			sourceTree = "<group>";
		};
		843FBAE122B4281D00A0D0EC /* Interactor */ = {
			isa = PBXGroup;
			children = (
				84D14DE522B4672800BAC715 /* MoviesInteractor.swift */,
			);
			path = Interactor;
			sourceTree = "<group>";
		};
		843FBAE322B4286700A0D0EC /* Entity */ = {
			isa = PBXGroup;
			children = (
				843FBAEB22B445A800A0D0EC /* Movies.swift */,
				843FBAEA22B445A800A0D0EC /* Results.swift */,
			);
			path = Entity;
			sourceTree = "<group>";
		};
		843FBAE422B4287800A0D0EC /* View */ = {
			isa = PBXGroup;
			children = (
				84D14DE122B4640700BAC715 /* MoviesViewController.swift */,
				84D14DE222B4640700BAC715 /* MoviesViewController.xib */,
				84D14DE922B4FEBD00BAC715 /* MovieTableViewCell.swift */,
				84D14DEA22B4FEBD00BAC715 /* MovieTableViewCell.xib */,
				84D14DEF22B5263400BAC715 /* CreateNewMovieViewController.swift */,
				84D14DF022B5263400BAC715 /* CreateNewMovieViewController.xib */,
			);
			path = View;
			sourceTree = "<group>";
		};
		843FBAE522B4289700A0D0EC /* Managers */ = {
			isa = PBXGroup;
			children = (
				843FBAE622B42A2F00A0D0EC /* APIClient.swift */,
				84D14DE722B46E4B00BAC715 /* UIManager.swift */,
				84D14DED22B5096700BAC715 /* Extentions.swift */,
			);
			path = Managers;
			sourceTree = "<group>";
		};
		84D14DF822B555E700BAC715 /* InstabugChallengeTests */ = {
			isa = PBXGroup;
			children = (
				84D14DF922B555E700BAC715 /* InstabugChallengeTests.swift */,
				84D14DFB22B555E700BAC715 /* Info.plist */,
			);
			path = InstabugChallengeTests;
			sourceTree = "<group>";
		};
/* End PBXGroup section */

/* Begin PBXNativeTarget section */
		843FBACA22B4227E00A0D0EC /* InstabugChallenge */ = {
			isa = PBXNativeTarget;
			buildConfigurationList = 843FBADD22B4227F00A0D0EC /* Build configuration list for PBXNativeTarget "InstabugChallenge" */;
			buildPhases = (
				843FBAC722B4227E00A0D0EC /* Sources */,
				843FBAC822B4227E00A0D0EC /* Frameworks */,
				843FBAC922B4227E00A0D0EC /* Resources */,
			);
			buildRules = (
			);
			dependencies = (
			);
			name = InstabugChallenge;
			productName = InstabugChallenge;
			productReference = 843FBACB22B4227E00A0D0EC /* InstabugChallenge.app */;
			productType = "com.apple.product-type.application";
		};
		84D14DF622B555E700BAC715 /* InstabugChallengeTests */ = {
			isa = PBXNativeTarget;
			buildConfigurationList = 84D14DFE22B555E700BAC715 /* Build configuration list for PBXNativeTarget "InstabugChallengeTests" */;
			buildPhases = (
				84D14DF322B555E700BAC715 /* Sources */,
				84D14DF422B555E700BAC715 /* Frameworks */,
				84D14DF522B555E700BAC715 /* Resources */,
			);
			buildRules = (
			);
			dependencies = (
				84D14DFD22B555E700BAC715 /* PBXTargetDependency */,
			);
			name = InstabugChallengeTests;
			productName = InstabugChallengeTests;
			productReference = 84D14DF722B555E700BAC715 /* InstabugChallengeTests.xctest */;
			productType = "com.apple.product-type.bundle.unit-test";
		};
/* End PBXNativeTarget section */

/* Begin PBXProject section */
		843FBAC322B4227E00A0D0EC /* Project object */ = {
			isa = PBXProject;
			attributes = {
				LastSwiftUpdateCheck = 1020;
				LastUpgradeCheck = 1020;
				ORGANIZATIONNAME = Instabug;
				TargetAttributes = {
					843FBACA22B4227E00A0D0EC = {
						CreatedOnToolsVersion = 10.2.1;
					};
					84D14DF622B555E700BAC715 = {
						CreatedOnToolsVersion = 10.2.1;
						TestTargetID = 843FBACA22B4227E00A0D0EC;
					};
				};
			};
			buildConfigurationList = 843FBAC622B4227E00A0D0EC /* Build configuration list for PBXProject "InstabugChallenge" */;
			compatibilityVersion = "Xcode 9.3";
			developmentRegion = en;
			hasScannedForEncodings = 0;
			knownRegions = (
				en,
				Base,
			);
			mainGroup = 843FBAC222B4227E00A0D0EC;
			productRefGroup = 843FBACC22B4227E00A0D0EC /* Products */;
			projectDirPath = "";
			projectRoot = "";
			targets = (
				843FBACA22B4227E00A0D0EC /* InstabugChallenge */,
				84D14DF622B555E700BAC715 /* InstabugChallengeTests */,
			);
		};
/* End PBXProject section */

/* Begin PBXResourcesBuildPhase section */
		843FBAC922B4227E00A0D0EC /* Resources */ = {
			isa = PBXResourcesBuildPhase;
			buildActionMask = 2147483647;
			files = (
				843FBAD922B4227F00A0D0EC /* LaunchScreen.storyboard in Resources */,
				84D14DEC22B4FEBD00BAC715 /* MovieTableViewCell.xib in Resources */,
				843FBAD622B4227F00A0D0EC /* Assets.xcassets in Resources */,
				843FBAD422B4227E00A0D0EC /* Main.storyboard in Resources */,
				84D14DF222B5263400BAC715 /* CreateNewMovieViewController.xib in Resources */,
				84D14DE422B4640700BAC715 /* MoviesViewController.xib in Resources */,
			);
			runOnlyForDeploymentPostprocessing = 0;
		};
		84D14DF522B555E700BAC715 /* Resources */ = {
			isa = PBXResourcesBuildPhase;
			buildActionMask = 2147483647;
			files = (
			);
			runOnlyForDeploymentPostprocessing = 0;
		};
/* End PBXResourcesBuildPhase section */

/* Begin PBXSourcesBuildPhase section */
		843FBAC722B4227E00A0D0EC /* Sources */ = {
			isa = PBXSourcesBuildPhase;
			buildActionMask = 2147483647;
			files = (
				84D14DEB22B4FEBD00BAC715 /* MovieTableViewCell.swift in Sources */,
				843FBAD122B4227E00A0D0EC /* ViewController.swift in Sources */,
				843FBACF22B4227E00A0D0EC /* AppDelegate.swift in Sources */,
				84D14DEE22B5096700BAC715 /* Extentions.swift in Sources */,
				84D14DE822B46E4B00BAC715 /* UIManager.swift in Sources */,
				843FBAE722B42A2F00A0D0EC /* APIClient.swift in Sources */,
				84D14DF122B5263400BAC715 /* CreateNewMovieViewController.swift in Sources */,
				843FBAE922B42AFD00A0D0EC /* Constants.swift in Sources */,
				843FBAEC22B445A800A0D0EC /* Results.swift in Sources */,
				84D14DE322B4640700BAC715 /* MoviesViewController.swift in Sources */,
				843FBAED22B445A800A0D0EC /* Movies.swift in Sources */,
				84D14DE622B4672800BAC715 /* MoviesInteractor.swift in Sources */,
			);
			runOnlyForDeploymentPostprocessing = 0;
		};
		84D14DF322B555E700BAC715 /* Sources */ = {
			isa = PBXSourcesBuildPhase;
			buildActionMask = 2147483647;
			files = (
				84D14DFA22B555E700BAC715 /* InstabugChallengeTests.swift in Sources */,
			);
			runOnlyForDeploymentPostprocessing = 0;
		};
/* End PBXSourcesBuildPhase section */

/* Begin PBXTargetDependency section */
		84D14DFD22B555E700BAC715 /* PBXTargetDependency */ = {
			isa = PBXTargetDependency;
			target = 843FBACA22B4227E00A0D0EC /* InstabugChallenge */;
			targetProxy = 84D14DFC22B555E700BAC715 /* PBXContainerItemProxy */;
		};
/* End PBXTargetDependency section */

/* Begin PBXVariantGroup section */
		843FBAD222B4227E00A0D0EC /* Main.storyboard */ = {
			isa = PBXVariantGroup;
			children = (
				843FBAD322B4227E00A0D0EC /* Base */,
			);
			name = Main.storyboard;
			sourceTree = "<group>";
		};
		843FBAD722B4227F00A0D0EC /* LaunchScreen.storyboard */ = {
			isa = PBXVariantGroup;
			children = (
				843FBAD822B4227F00A0D0EC /* Base */,
			);
			name = LaunchScreen.storyboard;
			sourceTree = "<group>";
		};
/* End PBXVariantGroup section */

/* Begin XCBuildConfiguration section */
		843FBADB22B4227F00A0D0EC /* Debug */ = {
			isa = XCBuildConfiguration;
			buildSettings = {
				ALWAYS_SEARCH_USER_PATHS = NO;
				CLANG_ANALYZER_NONNULL = YES;
				CLANG_ANALYZER_NUMBER_OBJECT_CONVERSION = YES_AGGRESSIVE;
				CLANG_CXX_LANGUAGE_STANDARD = "gnu++14";
				CLANG_CXX_LIBRARY = "libc++";
				CLANG_ENABLE_MODULES = YES;
				CLANG_ENABLE_OBJC_ARC = YES;
				CLANG_ENABLE_OBJC_WEAK = YES;
				CLANG_WARN_BLOCK_CAPTURE_AUTORELEASING = YES;
				CLANG_WARN_BOOL_CONVERSION = YES;
				CLANG_WARN_COMMA = YES;
				CLANG_WARN_CONSTANT_CONVERSION = YES;
				CLANG_WARN_DEPRECATED_OBJC_IMPLEMENTATIONS = YES;
				CLANG_WARN_DIRECT_OBJC_ISA_USAGE = YES_ERROR;
				CLANG_WARN_DOCUMENTATION_COMMENTS = YES;
				CLANG_WARN_EMPTY_BODY = YES;
				CLANG_WARN_ENUM_CONVERSION = YES;
				CLANG_WARN_INFINITE_RECURSION = YES;
				CLANG_WARN_INT_CONVERSION = YES;
				CLANG_WARN_NON_LITERAL_NULL_CONVERSION = YES;
				CLANG_WARN_OBJC_IMPLICIT_RETAIN_SELF = YES;
				CLANG_WARN_OBJC_LITERAL_CONVERSION = YES;
				CLANG_WARN_OBJC_ROOT_CLASS = YES_ERROR;
				CLANG_WARN_RANGE_LOOP_ANALYSIS = YES;
				CLANG_WARN_STRICT_PROTOTYPES = YES;
				CLANG_WARN_SUSPICIOUS_MOVE = YES;
				CLANG_WARN_UNGUARDED_AVAILABILITY = YES_AGGRESSIVE;
				CLANG_WARN_UNREACHABLE_CODE = YES;
				CLANG_WARN__DUPLICATE_METHOD_MATCH = YES;
				CODE_SIGN_IDENTITY = "iPhone Developer";
				COPY_PHASE_STRIP = NO;
				DEBUG_INFORMATION_FORMAT = dwarf;
				ENABLE_STRICT_OBJC_MSGSEND = YES;
				ENABLE_TESTABILITY = YES;
				GCC_C_LANGUAGE_STANDARD = gnu11;
				GCC_DYNAMIC_NO_PIC = NO;
				GCC_NO_COMMON_BLOCKS = YES;
				GCC_OPTIMIZATION_LEVEL = 0;
				GCC_PREPROCESSOR_DEFINITIONS = (
					"DEBUG=1",
					"$(inherited)",
				);
				GCC_WARN_64_TO_32_BIT_CONVERSION = YES;
				GCC_WARN_ABOUT_RETURN_TYPE = YES_ERROR;
				GCC_WARN_UNDECLARED_SELECTOR = YES;
				GCC_WARN_UNINITIALIZED_AUTOS = YES_AGGRESSIVE;
				GCC_WARN_UNUSED_FUNCTION = YES;
				GCC_WARN_UNUSED_VARIABLE = YES;
				IPHONEOS_DEPLOYMENT_TARGET = 12.2;
				MTL_ENABLE_DEBUG_INFO = INCLUDE_SOURCE;
				MTL_FAST_MATH = YES;
				ONLY_ACTIVE_ARCH = YES;
				SDKROOT = iphoneos;
				SWIFT_ACTIVE_COMPILATION_CONDITIONS = DEBUG;
				SWIFT_OPTIMIZATION_LEVEL = "-Onone";
			};
			name = Debug;
		};
		843FBADC22B4227F00A0D0EC /* Release */ = {
			isa = XCBuildConfiguration;
			buildSettings = {
				ALWAYS_SEARCH_USER_PATHS = NO;
				CLANG_ANALYZER_NONNULL = YES;
				CLANG_ANALYZER_NUMBER_OBJECT_CONVERSION = YES_AGGRESSIVE;
				CLANG_CXX_LANGUAGE_STANDARD = "gnu++14";
				CLANG_CXX_LIBRARY = "libc++";
				CLANG_ENABLE_MODULES = YES;
				CLANG_ENABLE_OBJC_ARC = YES;
				CLANG_ENABLE_OBJC_WEAK = YES;
				CLANG_WARN_BLOCK_CAPTURE_AUTORELEASING = YES;
				CLANG_WARN_BOOL_CONVERSION = YES;
				CLANG_WARN_COMMA = YES;
				CLANG_WARN_CONSTANT_CONVERSION = YES;
				CLANG_WARN_DEPRECATED_OBJC_IMPLEMENTATIONS = YES;
				CLANG_WARN_DIRECT_OBJC_ISA_USAGE = YES_ERROR;
				CLANG_WARN_DOCUMENTATION_COMMENTS = YES;
				CLANG_WARN_EMPTY_BODY = YES;
				CLANG_WARN_ENUM_CONVERSION = YES;
				CLANG_WARN_INFINITE_RECURSION = YES;
				CLANG_WARN_INT_CONVERSION = YES;
				CLANG_WARN_NON_LITERAL_NULL_CONVERSION = YES;
				CLANG_WARN_OBJC_IMPLICIT_RETAIN_SELF = YES;
				CLANG_WARN_OBJC_LITERAL_CONVERSION = YES;
				CLANG_WARN_OBJC_ROOT_CLASS = YES_ERROR;
				CLANG_WARN_RANGE_LOOP_ANALYSIS = YES;
				CLANG_WARN_STRICT_PROTOTYPES = YES;
				CLANG_WARN_SUSPICIOUS_MOVE = YES;
				CLANG_WARN_UNGUARDED_AVAILABILITY = YES_AGGRESSIVE;
				CLANG_WARN_UNREACHABLE_CODE = YES;
				CLANG_WARN__DUPLICATE_METHOD_MATCH = YES;
				CODE_SIGN_IDENTITY = "iPhone Developer";
				COPY_PHASE_STRIP = NO;
				DEBUG_INFORMATION_FORMAT = "dwarf-with-dsym";
				ENABLE_NS_ASSERTIONS = NO;
				ENABLE_STRICT_OBJC_MSGSEND = YES;
				GCC_C_LANGUAGE_STANDARD = gnu11;
				GCC_NO_COMMON_BLOCKS = YES;
				GCC_WARN_64_TO_32_BIT_CONVERSION = YES;
				GCC_WARN_ABOUT_RETURN_TYPE = YES_ERROR;
				GCC_WARN_UNDECLARED_SELECTOR = YES;
				GCC_WARN_UNINITIALIZED_AUTOS = YES_AGGRESSIVE;
				GCC_WARN_UNUSED_FUNCTION = YES;
				GCC_WARN_UNUSED_VARIABLE = YES;
				IPHONEOS_DEPLOYMENT_TARGET = 12.2;
				MTL_ENABLE_DEBUG_INFO = NO;
				MTL_FAST_MATH = YES;
				SDKROOT = iphoneos;
				SWIFT_COMPILATION_MODE = wholemodule;
				SWIFT_OPTIMIZATION_LEVEL = "-O";
				VALIDATE_PRODUCT = YES;
			};
			name = Release;
		};
		843FBADE22B4227F00A0D0EC /* Debug */ = {
			isa = XCBuildConfiguration;
			buildSettings = {
				ASSETCATALOG_COMPILER_APPICON_NAME = AppIcon;
				CODE_SIGN_STYLE = Automatic;
				DEVELOPMENT_TEAM = 8X58266GBM;
				INFOPLIST_FILE = InstabugChallenge/Info.plist;
				IPHONEOS_DEPLOYMENT_TARGET = 11.0;
				LD_RUNPATH_SEARCH_PATHS = (
					"$(inherited)",
					"@executable_path/Frameworks",
				);
				PRODUCT_BUNDLE_IDENTIFIER = com.instabug.movies.InstabugChallenge;
				PRODUCT_NAME = "$(TARGET_NAME)";
				SWIFT_VERSION = 5.0;
				TARGETED_DEVICE_FAMILY = "1,2";
			};
			name = Debug;
		};
		843FBADF22B4227F00A0D0EC /* Release */ = {
			isa = XCBuildConfiguration;
			buildSettings = {
				ASSETCATALOG_COMPILER_APPICON_NAME = AppIcon;
				CODE_SIGN_STYLE = Automatic;
				DEVELOPMENT_TEAM = 8X58266GBM;
				INFOPLIST_FILE = InstabugChallenge/Info.plist;
				IPHONEOS_DEPLOYMENT_TARGET = 11.0;
				LD_RUNPATH_SEARCH_PATHS = (
					"$(inherited)",
					"@executable_path/Frameworks",
				);
				PRODUCT_BUNDLE_IDENTIFIER = com.instabug.movies.InstabugChallenge;
				PRODUCT_NAME = "$(TARGET_NAME)";
				SWIFT_VERSION = 5.0;
				TARGETED_DEVICE_FAMILY = "1,2";
			};
			name = Release;
		};
		84D14DFF22B555E700BAC715 /* Debug */ = {
			isa = XCBuildConfiguration;
			buildSettings = {
				BUNDLE_LOADER = "$(TEST_HOST)";
				CODE_SIGN_STYLE = Automatic;
				DEVELOPMENT_TEAM = 8X58266GBM;
				INFOPLIST_FILE = InstabugChallengeTests/Info.plist;
				LD_RUNPATH_SEARCH_PATHS = (
					"$(inherited)",
					"@executable_path/Frameworks",
					"@loader_path/Frameworks",
				);
				PRODUCT_BUNDLE_IDENTIFIER = com.instabug.movies.InstabugChallengeTests;
				PRODUCT_NAME = "$(TARGET_NAME)";
				SWIFT_VERSION = 5.0;
				TARGETED_DEVICE_FAMILY = "1,2";
				TEST_HOST = "$(BUILT_PRODUCTS_DIR)/InstabugChallenge.app/InstabugChallenge";
			};
			name = Debug;
		};
		84D14E0022B555E700BAC715 /* Release */ = {
			isa = XCBuildConfiguration;
			buildSettings = {
				BUNDLE_LOADER = "$(TEST_HOST)";
				CODE_SIGN_STYLE = Automatic;
				DEVELOPMENT_TEAM = 8X58266GBM;
				INFOPLIST_FILE = InstabugChallengeTests/Info.plist;
				LD_RUNPATH_SEARCH_PATHS = (
					"$(inherited)",
					"@executable_path/Frameworks",
					"@loader_path/Frameworks",
				);
				PRODUCT_BUNDLE_IDENTIFIER = com.instabug.movies.InstabugChallengeTests;
				PRODUCT_NAME = "$(TARGET_NAME)";
				SWIFT_VERSION = 5.0;
				TARGETED_DEVICE_FAMILY = "1,2";
				TEST_HOST = "$(BUILT_PRODUCTS_DIR)/InstabugChallenge.app/InstabugChallenge";
			};
			name = Release;
		};
/* End XCBuildConfiguration section */

/* Begin XCConfigurationList section */
		843FBAC622B4227E00A0D0EC /* Build configuration list for PBXProject "InstabugChallenge" */ = {
			isa = XCConfigurationList;
			buildConfigurations = (
				843FBADB22B4227F00A0D0EC /* Debug */,
				843FBADC22B4227F00A0D0EC /* Release */,
			);
			defaultConfigurationIsVisible = 0;
			defaultConfigurationName = Release;
		};
		843FBADD22B4227F00A0D0EC /* Build configuration list for PBXNativeTarget "InstabugChallenge" */ = {
			isa = XCConfigurationList;
			buildConfigurations = (
				843FBADE22B4227F00A0D0EC /* Debug */,
				843FBADF22B4227F00A0D0EC /* Release */,
			);
			defaultConfigurationIsVisible = 0;
			defaultConfigurationName = Release;
		};
		84D14DFE22B555E700BAC715 /* Build configuration list for PBXNativeTarget "InstabugChallengeTests" */ = {
			isa = XCConfigurationList;
			buildConfigurations = (
				84D14DFF22B555E700BAC715 /* Debug */,
				84D14E0022B555E700BAC715 /* Release */,
			);
			defaultConfigurationIsVisible = 0;
			defaultConfigurationName = Release;
		};
/* End XCConfigurationList section */
	};
	rootObject = 843FBAC322B4227E00A0D0EC /* Project object */;
}
